
Microsoft Visual Studio Solution File, Format Version 12.00
# Visual Studio Version 17
VisualStudioVersion = 17.1.32319.34
MinimumVisualStudioVersion = 10.0.40219.1
Project("{FAE04EC0-301F-11D3-BF4B-00C04F79EFBC}") = "WakaBot", "WakaBot\WakaBot.csproj", "{47BAF689-0C87-443B-9847-B55C5BEAD66E}"
EndProject
Global
	GlobalSection(SolutionConfigurationPlatforms) = preSolution
		Debug|Any CPU = Debug|Any CPU
		Release|Any CPU = Release|Any CPU
	EndGlobalSection
	GlobalSection(ProjectConfigurationPlatforms) = postSolution
		{47BAF689-0C87-443B-9847-B55C5BEAD66E}.Debug|Any CPU.ActiveCfg = Debug|Any CPU
		{47BAF689-0C87-443B-9847-B55C5BEAD66E}.Debug|Any CPU.Build.0 = Debug|Any CPU
		{47BAF689-0C87-443B-9847-B55C5BEAD66E}.Release|Any CPU.ActiveCfg = Release|Any CPU
		{47BAF689-0C87-443B-9847-B55C5BEAD66E}.Release|Any CPU.Build.0 = Release|Any CPU
	EndGlobalSection
	GlobalSection(SolutionProperties) = preSolution
		HideSolutionNode = FALSE
	EndGlobalSection
	GlobalSection(ExtensibilityGlobals) = postSolution
		SolutionGuid = {55F7DCD4-B8C1-4811-89C3-FB4B086F479D}
	EndGlobalSection
EndGlobal
